
Microsoft Visual Studio Solution File, Format Version 12.00
# Visual Studio 15
VisualStudioVersion = 15.0.28307.1831
MinimumVisualStudioVersion = 10.0.40219.1
Project("{FAE04EC0-301F-11D3-BF4B-00C04F79EFBC}") = "WindowsFormsApp53", "WindowsFormsApp53\WindowsFormsApp53.csproj", "{76762669-8F47-45F3-881E-E1ADEEA4D3ED}"
EndProject
Global
	GlobalSection(SolutionConfigurationPlatforms) = preSolution
		Debug|Any CPU = Debug|Any CPU
		Release|Any CPU = Release|Any CPU
	EndGlobalSection
	GlobalSection(ProjectConfigurationPlatforms) = postSolution
		{76762669-8F47-45F3-881E-E1ADEEA4D3ED}.Debug|Any CPU.ActiveCfg = Debug|Any CPU
		{76762669-8F47-45F3-881E-E1ADEEA4D3ED}.Debug|Any CPU.Build.0 = Debug|Any CPU
		{76762669-8F47-45F3-881E-E1ADEEA4D3ED}.Release|Any CPU.ActiveCfg = Release|Any CPU
		{76762669-8F47-45F3-881E-E1ADEEA4D3ED}.Release|Any CPU.Build.0 = Release|Any CPU
	EndGlobalSection
	GlobalSection(SolutionProperties) = preSolution
		HideSolutionNode = FALSE
	EndGlobalSection
	GlobalSection(ExtensibilityGlobals) = postSolution
		SolutionGuid = {73254107-602F-4E16-ABCB-DD3F95C66953}
	EndGlobalSection
EndGlobal
