
Microsoft Visual Studio Solution File, Format Version 12.00
# Visual Studio 15
VisualStudioVersion = 15.0.28307.1831
MinimumVisualStudioVersion = 10.0.40219.1
Project("{FAE04EC0-301F-11D3-BF4B-00C04F79EFBC}") = "WindowsFormsApp46", "WindowsFormsApp46\WindowsFormsApp46.csproj", "{295AF0D1-FB0B-488E-B909-F46B73E88515}"
EndProject
Global
	GlobalSection(SolutionConfigurationPlatforms) = preSolution
		Debug|Any CPU = Debug|Any CPU
		Release|Any CPU = Release|Any CPU
	EndGlobalSection
	GlobalSection(ProjectConfigurationPlatforms) = postSolution
		{295AF0D1-FB0B-488E-B909-F46B73E88515}.Debug|Any CPU.ActiveCfg = Debug|Any CPU
		{295AF0D1-FB0B-488E-B909-F46B73E88515}.Debug|Any CPU.Build.0 = Debug|Any CPU
		{295AF0D1-FB0B-488E-B909-F46B73E88515}.Release|Any CPU.ActiveCfg = Release|Any CPU
		{295AF0D1-FB0B-488E-B909-F46B73E88515}.Release|Any CPU.Build.0 = Release|Any CPU
	EndGlobalSection
	GlobalSection(SolutionProperties) = preSolution
		HideSolutionNode = FALSE
	EndGlobalSection
	GlobalSection(ExtensibilityGlobals) = postSolution
		SolutionGuid = {7D6C6CCD-0390-457F-8B0B-3E01786D662C}
	EndGlobalSection
EndGlobal
